
Microsoft Visual Studio Solution File, Format Version 12.00
# Visual Studio Version 16
VisualStudioVersion = 25.0.1704.2
MinimumVisualStudioVersion = 10.0.40219.1
Project("{FAE04EC0-301F-11D3-BF4B-00C04F79EFBC}") = "dotnet_pet_api", "dotnet_pet_api\dotnet_pet_api.csproj", "{C528FF42-A302-4F54-888A-18C739A8E1C0}"
EndProject
Global
	GlobalSection(SolutionConfigurationPlatforms) = preSolution
		Debug|Any CPU = Debug|Any CPU
		Release|Any CPU = Release|Any CPU
	EndGlobalSection
	GlobalSection(ProjectConfigurationPlatforms) = postSolution
		{C528FF42-A302-4F54-888A-18C739A8E1C0}.Debug|Any CPU.ActiveCfg = Debug|Any CPU
		{C528FF42-A302-4F54-888A-18C739A8E1C0}.Debug|Any CPU.Build.0 = Debug|Any CPU
		{C528FF42-A302-4F54-888A-18C739A8E1C0}.Release|Any CPU.ActiveCfg = Release|Any CPU
		{C528FF42-A302-4F54-888A-18C739A8E1C0}.Release|Any CPU.Build.0 = Release|Any CPU
	EndGlobalSection
	GlobalSection(SolutionProperties) = preSolution
		HideSolutionNode = FALSE
	EndGlobalSection
	GlobalSection(ExtensibilityGlobals) = postSolution
		SolutionGuid = {716DA7CC-25BC-40C4-BEA7-B97FB8BB8A32}
	EndGlobalSection
EndGlobal
